
Microsoft Visual Studio Solution File, Format Version 12.00
# Visual Studio 15
VisualStudioVersion = 15.0.28307.1778
MinimumVisualStudioVersion = 10.0.40219.1
Project("{8BC9CEB8-8B4A-11D0-8D11-00A0C91BC942}") = "存5年", "存5年\存5年.vcxproj", "{6B68C6B8-84CE-421C-B7E1-C00A0CD1583E}"
EndProject
Global
	GlobalSection(SolutionConfigurationPlatforms) = preSolution
		Debug|x64 = Debug|x64
		Debug|x86 = Debug|x86
		Release|x64 = Release|x64
		Release|x86 = Release|x86
	EndGlobalSection
	GlobalSection(ProjectConfigurationPlatforms) = postSolution
		{6B68C6B8-84CE-421C-B7E1-C00A0CD1583E}.Debug|x64.ActiveCfg = Debug|x64
		{6B68C6B8-84CE-421C-B7E1-C00A0CD1583E}.Debug|x64.Build.0 = Debug|x64
		{6B68C6B8-84CE-421C-B7E1-C00A0CD1583E}.Debug|x86.ActiveCfg = Debug|Win32
		{6B68C6B8-84CE-421C-B7E1-C00A0CD1583E}.Debug|x86.Build.0 = Debug|Win32
		{6B68C6B8-84CE-421C-B7E1-C00A0CD1583E}.Release|x64.ActiveCfg = Release|x64
		{6B68C6B8-84CE-421C-B7E1-C00A0CD1583E}.Release|x64.Build.0 = Release|x64
		{6B68C6B8-84CE-421C-B7E1-C00A0CD1583E}.Release|x86.ActiveCfg = Release|Win32
		{6B68C6B8-84CE-421C-B7E1-C00A0CD1583E}.Release|x86.Build.0 = Release|Win32
	EndGlobalSection
	GlobalSection(SolutionProperties) = preSolution
		HideSolutionNode = FALSE
	EndGlobalSection
	GlobalSection(ExtensibilityGlobals) = postSolution
		SolutionGuid = {72195101-D7E8-43FA-98A4-FDC651BE9946}
	EndGlobalSection
EndGlobal
